
Microsoft Visual Studio Solution File, Format Version 12.00
# Visual Studio 14
VisualStudioVersion = 14.0.24720.0
MinimumVisualStudioVersion = 10.0.40219.1
Project("{FAE04EC0-301F-11D3-BF4B-00C04F79EFBC}") = "uClassify.TextClassifier.Utility", "uClassify.TextClassifier.Utility\uClassify.TextClassifier.Utility.csproj", "{F3978DC6-747B-494E-BF09-47DB6B104185}"
EndProject
Project("{FAE04EC0-301F-11D3-BF4B-00C04F79EFBC}") = "uClassify.TextClassifier.Utility.UnitTest", "uClassify.TextClassifier.Utility.UnitTest\uClassify.TextClassifier.Utility.UnitTest.csproj", "{993BA6CA-EAEF-480E-B0DA-CB2B13C365DC}"
EndProject
Global
	GlobalSection(SolutionConfigurationPlatforms) = preSolution
		Debug|Any CPU = Debug|Any CPU
		Release|Any CPU = Release|Any CPU
	EndGlobalSection
	GlobalSection(ProjectConfigurationPlatforms) = postSolution
		{F3978DC6-747B-494E-BF09-47DB6B104185}.Debug|Any CPU.ActiveCfg = Debug|Any CPU
		{F3978DC6-747B-494E-BF09-47DB6B104185}.Debug|Any CPU.Build.0 = Debug|Any CPU
		{F3978DC6-747B-494E-BF09-47DB6B104185}.Release|Any CPU.ActiveCfg = Release|Any CPU
		{F3978DC6-747B-494E-BF09-47DB6B104185}.Release|Any CPU.Build.0 = Release|Any CPU
		{993BA6CA-EAEF-480E-B0DA-CB2B13C365DC}.Debug|Any CPU.ActiveCfg = Debug|Any CPU
		{993BA6CA-EAEF-480E-B0DA-CB2B13C365DC}.Debug|Any CPU.Build.0 = Debug|Any CPU
		{993BA6CA-EAEF-480E-B0DA-CB2B13C365DC}.Release|Any CPU.ActiveCfg = Release|Any CPU
		{993BA6CA-EAEF-480E-B0DA-CB2B13C365DC}.Release|Any CPU.Build.0 = Release|Any CPU
	EndGlobalSection
	GlobalSection(SolutionProperties) = preSolution
		HideSolutionNode = FALSE
	EndGlobalSection
EndGlobal
